// !$*UTF8*$!
{
	archiveVersion = 1;
	classes = {
	};
	objectVersion = 46;
	objects = {

/* Begin PBXBuildFile section */
		EA1C2EBD1A217B5A009383BC /* BezierPathView.m in Sources */ = {isa = PBXBuildFile; fileRef = EA1C2EBC1A217B5A009383BC /* BezierPathView.m */; };
		EAF69B951A1D092100376C08 /* main.m in Sources */ = {isa = PBXBuildFile; fileRef = EAF69B941A1D092100376C08 /* main.m */; };
		EAF69B981A1D092100376C08 /* AppDelegate.m in Sources */ = {isa = PBXBuildFile; fileRef = EAF69B971A1D092100376C08 /* AppDelegate.m */; };
		EAF69B9B1A1D092100376C08 /* DropItViewController.m in Sources */ = {isa = PBXBuildFile; fileRef = EAF69B9A1A1D092100376C08 /* DropItViewController.m */; };
		EAF69B9E1A1D092100376C08 /* Main.storyboard in Resources */ = {isa = PBXBuildFile; fileRef = EAF69B9C1A1D092100376C08 /* Main.storyboard */; };
		EAF69BA01A1D092100376C08 /* Images.xcassets in Resources */ = {isa = PBXBuildFile; fileRef = EAF69B9F1A1D092100376C08 /* Images.xcassets */; };
		EAF69BA31A1D092100376C08 /* LaunchScreen.xib in Resources */ = {isa = PBXBuildFile; fileRef = EAF69BA11A1D092100376C08 /* LaunchScreen.xib */; };
		EAF69BAF1A1D092100376C08 /* DropItTests.m in Sources */ = {isa = PBXBuildFile; fileRef = EAF69BAE1A1D092100376C08 /* DropItTests.m */; };
		EAF69BB91A1D65B600376C08 /* .gitignore in Resources */ = {isa = PBXBuildFile; fileRef = EAF69BB81A1D65B600376C08 /* .gitignore */; };
		EAF69BBC1A1D703300376C08 /* DropitBehavior.m in Sources */ = {isa = PBXBuildFile; fileRef = EAF69BBB1A1D703300376C08 /* DropitBehavior.m */; };
/* End PBXBuildFile section */

/* Begin PBXContainerItemProxy section */
		EAF69BA91A1D092100376C08 /* PBXContainerItemProxy */ = {
			isa = PBXContainerItemProxy;
			containerPortal = EAF69B871A1D092100376C08 /* Project object */;
			proxyType = 1;
			remoteGlobalIDString = EAF69B8E1A1D092100376C08;
			remoteInfo = DropIt;
		};
/* End PBXContainerItemProxy section */

/* Begin PBXFileReference section */
		EA1C2EBB1A217B5A009383BC /* BezierPathView.h */ = {isa = PBXFileReference; fileEncoding = 4; lastKnownFileType = sourcecode.c.h; path = BezierPathView.h; sourceTree = "<group>"; };
		EA1C2EBC1A217B5A009383BC /* BezierPathView.m */ = {isa = PBXFileReference; fileEncoding = 4; lastKnownFileType = sourcecode.c.objc; path = BezierPathView.m; sourceTree = "<group>"; };
		EAF69B8F1A1D092100376C08 /* DropIt.app */ = {isa = PBXFileReference; explicitFileType = wrapper.application; includeInIndex = 0; path = DropIt.app; sourceTree = BUILT_PRODUCTS_DIR; };
		EAF69B931A1D092100376C08 /* Info.plist */ = {isa = PBXFileReference; lastKnownFileType = text.plist.xml; path = Info.plist; sourceTree = "<group>"; };
		EAF69B941A1D092100376C08 /* main.m */ = {isa = PBXFileReference; lastKnownFileType = sourcecode.c.objc; path = main.m; sourceTree = "<group>"; };
		EAF69B961A1D092100376C08 /* AppDelegate.h */ = {isa = PBXFileReference; lastKnownFileType = sourcecode.c.h; path = AppDelegate.h; sourceTree = "<group>"; };
		EAF69B971A1D092100376C08 /* AppDelegate.m */ = {isa = PBXFileReference; lastKnownFileType = sourcecode.c.objc; path = AppDelegate.m; sourceTree = "<group>"; };
		EAF69B991A1D092100376C08 /* DropItViewController.h */ = {isa = PBXFileReference; lastKnownFileType = sourcecode.c.h; path = DropItViewController.h; sourceTree = "<group>"; };
		EAF69B9A1A1D092100376C08 /* DropItViewController.m */ = {isa = PBXFileReference; lastKnownFileType = sourcecode.c.objc; path = DropItViewController.m; sourceTree = "<group>"; };
		EAF69B9D1A1D092100376C08 /* Base */ = {isa = PBXFileReference; lastKnownFileType = file.storyboard; name = Base; path = Base.lproj/Main.storyboard; sourceTree = "<group>"; };
		EAF69B9F1A1D092100376C08 /* Images.xcassets */ = {isa = PBXFileReference; lastKnownFileType = folder.assetcatalog; path = Images.xcassets; sourceTree = "<group>"; };
		EAF69BA21A1D092100376C08 /* Base */ = {isa = PBXFileReference; lastKnownFileType = file.xib; name = Base; path = Base.lproj/LaunchScreen.xib; sourceTree = "<group>"; };
		EAF69BA81A1D092100376C08 /* DropItTests.xctest */ = {isa = PBXFileReference; explicitFileType = wrapper.cfbundle; includeInIndex = 0; path = DropItTests.xctest; sourceTree = BUILT_PRODUCTS_DIR; };
		EAF69BAD1A1D092100376C08 /* Info.plist */ = {isa = PBXFileReference; lastKnownFileType = text.plist.xml; path = Info.plist; sourceTree = "<group>"; };
		EAF69BAE1A1D092100376C08 /* DropItTests.m */ = {isa = PBXFileReference; lastKnownFileType = sourcecode.c.objc; path = DropItTests.m; sourceTree = "<group>"; };
		EAF69BB81A1D65B600376C08 /* .gitignore */ = {isa = PBXFileReference; fileEncoding = 4; lastKnownFileType = text; path = .gitignore; sourceTree = SOURCE_ROOT; };
		EAF69BBA1A1D703300376C08 /* DropitBehavior.h */ = {isa = PBXFileReference; fileEncoding = 4; lastKnownFileType = sourcecode.c.h; path = DropitBehavior.h; sourceTree = "<group>"; };
		EAF69BBB1A1D703300376C08 /* DropitBehavior.m */ = {isa = PBXFileReference; fileEncoding = 4; lastKnownFileType = sourcecode.c.objc; path = DropitBehavior.m; sourceTree = "<group>"; };
/* End PBXFileReference section */

/* Begin PBXFrameworksBuildPhase section */
		EAF69B8C1A1D092100376C08 /* Frameworks */ = {
			isa = PBXFrameworksBuildPhase;
			buildActionMask = 2147483647;
			files = (
			);
			runOnlyForDeploymentPostprocessing = 0;
		};
		EAF69BA51A1D092100376C08 /* Frameworks */ = {
			isa = PBXFrameworksBuildPhase;
			buildActionMask = 2147483647;
			files = (
			);
			runOnlyForDeploymentPostprocessing = 0;
		};
/* End PBXFrameworksBuildPhase section */

/* Begin PBXGroup section */
		EAF69B861A1D092100376C08 = {
			isa = PBXGroup;
			children = (
				EAF69B911A1D092100376C08 /* DropIt */,
				EAF69BAB1A1D092100376C08 /* DropItTests */,
				EAF69B901A1D092100376C08 /* Products */,
			);
			sourceTree = "<group>";
		};
		EAF69B901A1D092100376C08 /* Products */ = {
			isa = PBXGroup;
			children = (
				EAF69B8F1A1D092100376C08 /* DropIt.app */,
				EAF69BA81A1D092100376C08 /* DropItTests.xctest */,
			);
			name = Products;
			sourceTree = "<group>";
		};
		EAF69B911A1D092100376C08 /* DropIt */ = {
			isa = PBXGroup;
			children = (
				EAF69B991A1D092100376C08 /* DropItViewController.h */,
				EAF69B9A1A1D092100376C08 /* DropItViewController.m */,
				EA1C2EBB1A217B5A009383BC /* BezierPathView.h */,
				EA1C2EBC1A217B5A009383BC /* BezierPathView.m */,
				EAF69B9C1A1D092100376C08 /* Main.storyboard */,
				EAF69BB81A1D65B600376C08 /* .gitignore */,
				EAF69BBA1A1D703300376C08 /* DropitBehavior.h */,
				EAF69BBB1A1D703300376C08 /* DropitBehavior.m */,
				EAF69B9F1A1D092100376C08 /* Images.xcassets */,
				EAF69BA11A1D092100376C08 /* LaunchScreen.xib */,
				EAF69B921A1D092100376C08 /* Supporting Files */,
			);
			path = DropIt;
			sourceTree = "<group>";
		};
		EAF69B921A1D092100376C08 /* Supporting Files */ = {
			isa = PBXGroup;
			children = (
				EAF69B961A1D092100376C08 /* AppDelegate.h */,
				EAF69B971A1D092100376C08 /* AppDelegate.m */,
				EAF69B931A1D092100376C08 /* Info.plist */,
				EAF69B941A1D092100376C08 /* main.m */,
			);
			name = "Supporting Files";
			sourceTree = "<group>";
		};
		EAF69BAB1A1D092100376C08 /* DropItTests */ = {
			isa = PBXGroup;
			children = (
				EAF69BAE1A1D092100376C08 /* DropItTests.m */,
				EAF69BAC1A1D092100376C08 /* Supporting Files */,
			);
			path = DropItTests;
			sourceTree = "<group>";
		};
		EAF69BAC1A1D092100376C08 /* Supporting Files */ = {
			isa = PBXGroup;
			children = (
				EAF69BAD1A1D092100376C08 /* Info.plist */,
			);
			name = "Supporting Files";
			sourceTree = "<group>";
		};
/* End PBXGroup section */

/* Begin PBXNativeTarget section */
		EAF69B8E1A1D092100376C08 /* DropIt */ = {
			isa = PBXNativeTarget;
			buildConfigurationList = EAF69BB21A1D092100376C08 /* Build configuration list for PBXNativeTarget "DropIt" */;
			buildPhases = (
				EAF69B8B1A1D092100376C08 /* Sources */,
				EAF69B8C1A1D092100376C08 /* Frameworks */,
				EAF69B8D1A1D092100376C08 /* Resources */,
			);
			buildRules = (
			);
			dependencies = (
			);
			name = DropIt;
			productName = DropIt;
			productReference = EAF69B8F1A1D092100376C08 /* DropIt.app */;
			productType = "com.apple.product-type.application";
		};
		EAF69BA71A1D092100376C08 /* DropItTests */ = {
			isa = PBXNativeTarget;
			buildConfigurationList = EAF69BB51A1D092100376C08 /* Build configuration list for PBXNativeTarget "DropItTests" */;
			buildPhases = (
				EAF69BA41A1D092100376C08 /* Sources */,
				EAF69BA51A1D092100376C08 /* Frameworks */,
				EAF69BA61A1D092100376C08 /* Resources */,
			);
			buildRules = (
			);
			dependencies = (
				EAF69BAA1A1D092100376C08 /* PBXTargetDependency */,
			);
			name = DropItTests;
			productName = DropItTests;
			productReference = EAF69BA81A1D092100376C08 /* DropItTests.xctest */;
			productType = "com.apple.product-type.bundle.unit-test";
		};
/* End PBXNativeTarget section */

/* Begin PBXProject section */
		EAF69B871A1D092100376C08 /* Project object */ = {
			isa = PBXProject;
			attributes = {
				LastUpgradeCheck = 0610;
				ORGANIZATIONNAME = "Kwan Castle";
				TargetAttributes = {
					EAF69B8E1A1D092100376C08 = {
						CreatedOnToolsVersion = 6.1;
					};
					EAF69BA71A1D092100376C08 = {
						CreatedOnToolsVersion = 6.1;
						TestTargetID = EAF69B8E1A1D092100376C08;
					};
				};
			};
			buildConfigurationList = EAF69B8A1A1D092100376C08 /* Build configuration list for PBXProject "DropIt" */;
			compatibilityVersion = "Xcode 3.2";
			developmentRegion = English;
			hasScannedForEncodings = 0;
			knownRegions = (
				en,
				Base,
			);
			mainGroup = EAF69B861A1D092100376C08;
			productRefGroup = EAF69B901A1D092100376C08 /* Products */;
			projectDirPath = "";
			projectRoot = "";
			targets = (
				EAF69B8E1A1D092100376C08 /* DropIt */,
				EAF69BA71A1D092100376C08 /* DropItTests */,
			);
		};
/* End PBXProject section */

/* Begin PBXResourcesBuildPhase section */
		EAF69B8D1A1D092100376C08 /* Resources */ = {
			isa = PBXResourcesBuildPhase;
			buildActionMask = 2147483647;
			files = (
				EAF69BB91A1D65B600376C08 /* .gitignore in Resources */,
				EAF69B9E1A1D092100376C08 /* Main.storyboard in Resources */,
				EAF69BA31A1D092100376C08 /* LaunchScreen.xib in Resources */,
				EAF69BA01A1D092100376C08 /* Images.xcassets in Resources */,
			);
			runOnlyForDeploymentPostprocessing = 0;
		};
		EAF69BA61A1D092100376C08 /* Resources */ = {
			isa = PBXResourcesBuildPhase;
			buildActionMask = 2147483647;
			files = (
			);
			runOnlyForDeploymentPostprocessing = 0;
		};
/* End PBXResourcesBuildPhase section */

/* Begin PBXSourcesBuildPhase section */
		EAF69B8B1A1D092100376C08 /* Sources */ = {
			isa = PBXSourcesBuildPhase;
			buildActionMask = 2147483647;
			files = (
				EAF69B9B1A1D092100376C08 /* DropItViewController.m in Sources */,
				EAF69BBC1A1D703300376C08 /* DropitBehavior.m in Sources */,
				EA1C2EBD1A217B5A009383BC /* BezierPathView.m in Sources */,
				EAF69B981A1D092100376C08 /* AppDelegate.m in Sources */,
				EAF69B951A1D092100376C08 /* main.m in Sources */,
			);
			runOnlyForDeploymentPostprocessing = 0;
		};
		EAF69BA41A1D092100376C08 /* Sources */ = {
			isa = PBXSourcesBuildPhase;
			buildActionMask = 2147483647;
			files = (
				EAF69BAF1A1D092100376C08 /* DropItTests.m in Sources */,
			);
			runOnlyForDeploymentPostprocessing = 0;
		};
/* End PBXSourcesBuildPhase section */

/* Begin PBXTargetDependency section */
		EAF69BAA1A1D092100376C08 /* PBXTargetDependency */ = {
			isa = PBXTargetDependency;
			target = EAF69B8E1A1D092100376C08 /* DropIt */;
			targetProxy = EAF69BA91A1D092100376C08 /* PBXContainerItemProxy */;
		};
/* End PBXTargetDependency section */

/* Begin PBXVariantGroup section */
		EAF69B9C1A1D092100376C08 /* Main.storyboard */ = {
			isa = PBXVariantGroup;
			children = (
				EAF69B9D1A1D092100376C08 /* Base */,
			);
			name = Main.storyboard;
			sourceTree = "<group>";
		};
		EAF69BA11A1D092100376C08 /* LaunchScreen.xib */ = {
			isa = PBXVariantGroup;
			children = (
				EAF69BA21A1D092100376C08 /* Base */,
			);
			name = LaunchScreen.xib;
			sourceTree = "<group>";
		};
/* End PBXVariantGroup section */

/* Begin XCBuildConfiguration section */
		EAF69BB01A1D092100376C08 /* Debug */ = {
			isa = XCBuildConfiguration;
			buildSettings = {
				ALWAYS_SEARCH_USER_PATHS = NO;
				CLANG_CXX_LANGUAGE_STANDARD = "gnu++0x";
				CLANG_CXX_LIBRARY = "libc++";
				CLANG_ENABLE_MODULES = YES;
				CLANG_ENABLE_OBJC_ARC = YES;
				CLANG_WARN_BOOL_CONVERSION = YES;
				CLANG_WARN_CONSTANT_CONVERSION = YES;
				CLANG_WARN_DIRECT_OBJC_ISA_USAGE = YES_ERROR;
				CLANG_WARN_EMPTY_BODY = YES;
				CLANG_WARN_ENUM_CONVERSION = YES;
				CLANG_WARN_INT_CONVERSION = YES;
				CLANG_WARN_OBJC_ROOT_CLASS = YES_ERROR;
				CLANG_WARN_UNREACHABLE_CODE = YES;
				CLANG_WARN__DUPLICATE_METHOD_MATCH = YES;
				"CODE_SIGN_IDENTITY[sdk=iphoneos*]" = "iPhone Developer";
				COPY_PHASE_STRIP = NO;
				ENABLE_STRICT_OBJC_MSGSEND = YES;
				GCC_C_LANGUAGE_STANDARD = gnu99;
				GCC_DYNAMIC_NO_PIC = NO;
				GCC_OPTIMIZATION_LEVEL = 0;
				GCC_PREPROCESSOR_DEFINITIONS = (
					"DEBUG=1",
					"$(inherited)",
				);
				GCC_SYMBOLS_PRIVATE_EXTERN = NO;
				GCC_WARN_64_TO_32_BIT_CONVERSION = YES;
				GCC_WARN_ABOUT_RETURN_TYPE = YES_ERROR;
				GCC_WARN_UNDECLARED_SELECTOR = YES;
				GCC_WARN_UNINITIALIZED_AUTOS = YES_AGGRESSIVE;
				GCC_WARN_UNUSED_FUNCTION = YES;
				GCC_WARN_UNUSED_VARIABLE = YES;
				IPHONEOS_DEPLOYMENT_TARGET = 8.1;
				MTL_ENABLE_DEBUG_INFO = YES;
				ONLY_ACTIVE_ARCH = YES;
				SDKROOT = iphoneos;
			};
			name = Debug;
		};
		EAF69BB11A1D092100376C08 /* Release */ = {
			isa = XCBuildConfiguration;
			buildSettings = {
				ALWAYS_SEARCH_USER_PATHS = NO;
				CLANG_CXX_LANGUAGE_STANDARD = "gnu++0x";
				CLANG_CXX_LIBRARY = "libc++";
				CLANG_ENABLE_MODULES = YES;
				CLANG_ENABLE_OBJC_ARC = YES;
				CLANG_WARN_BOOL_CONVERSION = YES;
				CLANG_WARN_CONSTANT_CONVERSION = YES;
				CLANG_WARN_DIRECT_OBJC_ISA_USAGE = YES_ERROR;
				CLANG_WARN_EMPTY_BODY = YES;
				CLANG_WARN_ENUM_CONVERSION = YES;
				CLANG_WARN_INT_CONVERSION = YES;
				CLANG_WARN_OBJC_ROOT_CLASS = YES_ERROR;
				CLANG_WARN_UNREACHABLE_CODE = YES;
				CLANG_WARN__DUPLICATE_METHOD_MATCH = YES;
				"CODE_SIGN_IDENTITY[sdk=iphoneos*]" = "iPhone Developer";
				COPY_PHASE_STRIP = YES;
				ENABLE_NS_ASSERTIONS = NO;
				ENABLE_STRICT_OBJC_MSGSEND = YES;
				GCC_C_LANGUAGE_STANDARD = gnu99;
				GCC_WARN_64_TO_32_BIT_CONVERSION = YES;
				GCC_WARN_ABOUT_RETURN_TYPE = YES_ERROR;
				GCC_WARN_UNDECLARED_SELECTOR = YES;
				GCC_WARN_UNINITIALIZED_AUTOS = YES_AGGRESSIVE;
				GCC_WARN_UNUSED_FUNCTION = YES;
				GCC_WARN_UNUSED_VARIABLE = YES;
				IPHONEOS_DEPLOYMENT_TARGET = 8.1;
				MTL_ENABLE_DEBUG_INFO = NO;
				SDKROOT = iphoneos;
				VALIDATE_PRODUCT = YES;
			};
			name = Release;
		};
		EAF69BB31A1D092100376C08 /* Debug */ = {
			isa = XCBuildConfiguration;
			buildSettings = {
				ASSETCATALOG_COMPILER_APPICON_NAME = AppIcon;
				INFOPLIST_FILE = DropIt/Info.plist;
				LD_RUNPATH_SEARCH_PATHS = "$(inherited) @executable_path/Frameworks";
				PRODUCT_NAME = "$(TARGET_NAME)";
			};
			name = Debug;
		};
		EAF69BB41A1D092100376C08 /* Release */ = {
			isa = XCBuildConfiguration;
			buildSettings = {
				ASSETCATALOG_COMPILER_APPICON_NAME = AppIcon;
				INFOPLIST_FILE = DropIt/Info.plist;
				LD_RUNPATH_SEARCH_PATHS = "$(inherited) @executable_path/Frameworks";
				PRODUCT_NAME = "$(TARGET_NAME)";
			};
			name = Release;
		};
		EAF69BB61A1D092100376C08 /* Debug */ = {
			isa = XCBuildConfiguration;
			buildSettings = {
				BUNDLE_LOADER = "$(TEST_HOST)";
				FRAMEWORK_SEARCH_PATHS = (
					"$(SDKROOT)/Developer/Library/Frameworks",
					"$(inherited)",
				);
				GCC_PREPROCESSOR_DEFINITIONS = (
					"DEBUG=1",
					"$(inherited)",
				);
				INFOPLIST_FILE = DropItTests/Info.plist;
				LD_RUNPATH_SEARCH_PATHS = "$(inherited) @executable_path/Frameworks @loader_path/Frameworks";
				PRODUCT_NAME = "$(TARGET_NAME)";
				TEST_HOST = "$(BUILT_PRODUCTS_DIR)/DropIt.app/DropIt";
			};
			name = Debug;
		};
		EAF69BB71A1D092100376C08 /* Release */ = {
			isa = XCBuildConfiguration;
			buildSettings = {
				BUNDLE_LOADER = "$(TEST_HOST)";
				FRAMEWORK_SEARCH_PATHS = (
					"$(SDKROOT)/Developer/Library/Frameworks",
					"$(inherited)",
				);
				INFOPLIST_FILE = DropItTests/Info.plist;
				LD_RUNPATH_SEARCH_PATHS = "$(inherited) @executable_path/Frameworks @loader_path/Frameworks";
				PRODUCT_NAME = "$(TARGET_NAME)";
				TEST_HOST = "$(BUILT_PRODUCTS_DIR)/DropIt.app/DropIt";
			};
			name = Release;
		};
/* End XCBuildConfiguration section */

/* Begin XCConfigurationList section */
		EAF69B8A1A1D092100376C08 /* Build configuration list for PBXProject "DropIt" */ = {
			isa = XCConfigurationList;
			buildConfigurations = (
				EAF69BB01A1D092100376C08 /* Debug */,
				EAF69BB11A1D092100376C08 /* Release */,
			);
			defaultConfigurationIsVisible = 0;
			defaultConfigurationName = Release;
		};
		EAF69BB21A1D092100376C08 /* Build configuration list for PBXNativeTarget "DropIt" */ = {
			isa = XCConfigurationList;
			buildConfigurations = (
				EAF69BB31A1D092100376C08 /* Debug */,
				EAF69BB41A1D092100376C08 /* Release */,
			);
			defaultConfigurationIsVisible = 0;
			defaultConfigurationName = Release;
		};
		EAF69BB51A1D092100376C08 /* Build configuration list for PBXNativeTarget "DropItTests" */ = {
			isa = XCConfigurationList;
			buildConfigurations = (
				EAF69BB61A1D092100376C08 /* Debug */,
				EAF69BB71A1D092100376C08 /* Release */,
			);
			defaultConfigurationIsVisible = 0;
			defaultConfigurationName = Release;
		};
/* End XCConfigurationList section */
	};
	rootObject = EAF69B871A1D092100376C08 /* Project object */;
}
